
Microsoft Visual Studio Solution File, Format Version 12.00
# Visual Studio Version 16
VisualStudioVersion = 16.0.30907.101
MinimumVisualStudioVersion = 10.0.40219.1
Project("{9A19103F-16F7-4668-BE54-9A1E7A4F7556}") = "Business", "Business\Business.csproj", "{EBD48EEE-95F6-4FF4-BA82-E22ED93E8708}"
EndProject
Project("{9A19103F-16F7-4668-BE54-9A1E7A4F7556}") = "DataAccess", "DataAccess\DataAccess.csproj", "{DF1117B0-B34B-40C8-A930-C98A4DD3CF66}"
EndProject
Project("{9A19103F-16F7-4668-BE54-9A1E7A4F7556}") = "Entities", "Entities\Entities.csproj", "{F754056D-8DB3-44F3-A522-03F8E76A1C43}"
EndProject
Project("{9A19103F-16F7-4668-BE54-9A1E7A4F7556}") = "ConsoleUI", "ConsoleUI\ConsoleUI.csproj", "{90D36933-9E1A-462D-B553-CCC89F7B405F}"
EndProject
Project("{9A19103F-16F7-4668-BE54-9A1E7A4F7556}") = "Core", "Core\Core.csproj", "{F95E6137-1D0E-4859-B1A0-124ADD23631F}"
EndProject
Project("{9A19103F-16F7-4668-BE54-9A1E7A4F7556}") = "WebAPI", "WebAPI\WebAPI.csproj", "{FEF2CD83-F663-4B8F-8D6D-60C04549BE24}"
EndProject
Project("{2150E333-8FDC-42A3-9474-1A3956D46DE8}") = "Solution Items", "Solution Items", "{E80611A5-0ABE-4903-897C-AB22B06FB990}"
	ProjectSection(SolutionItems) = preProject
		..\..\..\Desktop\instnwnd.sql = ..\..\..\Desktop\instnwnd.sql
		SqlQuery_1.sql = SqlQuery_1.sql
	EndProjectSection
EndProject
Global
	GlobalSection(SolutionConfigurationPlatforms) = preSolution
		Debug|Any CPU = Debug|Any CPU
		Release|Any CPU = Release|Any CPU
	EndGlobalSection
	GlobalSection(ProjectConfigurationPlatforms) = postSolution
		{EBD48EEE-95F6-4FF4-BA82-E22ED93E8708}.Debug|Any CPU.ActiveCfg = Debug|Any CPU
		{EBD48EEE-95F6-4FF4-BA82-E22ED93E8708}.Debug|Any CPU.Build.0 = Debug|Any CPU
		{EBD48EEE-95F6-4FF4-BA82-E22ED93E8708}.Release|Any CPU.ActiveCfg = Release|Any CPU
		{EBD48EEE-95F6-4FF4-BA82-E22ED93E8708}.Release|Any CPU.Build.0 = Release|Any CPU
		{DF1117B0-B34B-40C8-A930-C98A4DD3CF66}.Debug|Any CPU.ActiveCfg = Debug|Any CPU
		{DF1117B0-B34B-40C8-A930-C98A4DD3CF66}.Debug|Any CPU.Build.0 = Debug|Any CPU
		{DF1117B0-B34B-40C8-A930-C98A4DD3CF66}.Release|Any CPU.ActiveCfg = Release|Any CPU
		{DF1117B0-B34B-40C8-A930-C98A4DD3CF66}.Release|Any CPU.Build.0 = Release|Any CPU
		{F754056D-8DB3-44F3-A522-03F8E76A1C43}.Debug|Any CPU.ActiveCfg = Debug|Any CPU
		{F754056D-8DB3-44F3-A522-03F8E76A1C43}.Debug|Any CPU.Build.0 = Debug|Any CPU
		{F754056D-8DB3-44F3-A522-03F8E76A1C43}.Release|Any CPU.ActiveCfg = Release|Any CPU
		{F754056D-8DB3-44F3-A522-03F8E76A1C43}.Release|Any CPU.Build.0 = Release|Any CPU
		{90D36933-9E1A-462D-B553-CCC89F7B405F}.Debug|Any CPU.ActiveCfg = Debug|Any CPU
		{90D36933-9E1A-462D-B553-CCC89F7B405F}.Debug|Any CPU.Build.0 = Debug|Any CPU
		{90D36933-9E1A-462D-B553-CCC89F7B405F}.Release|Any CPU.ActiveCfg = Release|Any CPU
		{90D36933-9E1A-462D-B553-CCC89F7B405F}.Release|Any CPU.Build.0 = Release|Any CPU
		{F95E6137-1D0E-4859-B1A0-124ADD23631F}.Debug|Any CPU.ActiveCfg = Debug|Any CPU
		{F95E6137-1D0E-4859-B1A0-124ADD23631F}.Debug|Any CPU.Build.0 = Debug|Any CPU
		{F95E6137-1D0E-4859-B1A0-124ADD23631F}.Release|Any CPU.ActiveCfg = Release|Any CPU
		{F95E6137-1D0E-4859-B1A0-124ADD23631F}.Release|Any CPU.Build.0 = Release|Any CPU
		{FEF2CD83-F663-4B8F-8D6D-60C04549BE24}.Debug|Any CPU.ActiveCfg = Debug|Any CPU
		{FEF2CD83-F663-4B8F-8D6D-60C04549BE24}.Debug|Any CPU.Build.0 = Debug|Any CPU
		{FEF2CD83-F663-4B8F-8D6D-60C04549BE24}.Release|Any CPU.ActiveCfg = Release|Any CPU
		{FEF2CD83-F663-4B8F-8D6D-60C04549BE24}.Release|Any CPU.Build.0 = Release|Any CPU
	EndGlobalSection
	GlobalSection(SolutionProperties) = preSolution
		HideSolutionNode = FALSE
	EndGlobalSection
	GlobalSection(ExtensibilityGlobals) = postSolution
		SolutionGuid = {04D73839-BF22-4E5F-8189-F558E921CAC8}
	EndGlobalSection
EndGlobal
